
Microsoft Visual Studio Solution File, Format Version 12.00
# Visual Studio Version 16
VisualStudioVersion = 16.0.29123.88
MinimumVisualStudioVersion = 10.0.40219.1
Project("{FAE04EC0-301F-11D3-BF4B-00C04F79EFBC}") = "SharpMatter", "SharpMatter\SharpMatter.csproj", "{B7EFC195-C7D7-42DB-ABFF-41738F692069}"
EndProject
Project("{FAE04EC0-301F-11D3-BF4B-00C04F79EFBC}") = "SharpMatterGH", "SharpMatterGH\SharpMatterGH.csproj", "{3E241832-C437-491B-B5D9-27863C0529DB}"
EndProject
Project("{FAE04EC0-301F-11D3-BF4B-00C04F79EFBC}") = "SharpMatter.Core", "SharpMatter.Core\SharpMatter.Core.csproj", "{6C546E08-851D-4F54-814A-A6DF6ABEE5B0}"
EndProject
Project("{FAE04EC0-301F-11D3-BF4B-00C04F79EFBC}") = "SharpMatter.Physics", "SharpMatter.Physics\SharpMatter.Physics.csproj", "{F126E718-DF8E-4889-86E7-9843723F1A93}"
EndProject
Project("{FAE04EC0-301F-11D3-BF4B-00C04F79EFBC}") = "SharpMatter.Extensions", "SharpMatter.Extensions\SharpMatter.Extensions.csproj", "{EDAEE53F-FF49-4EB6-83F1-1CEDEC429C6E}"
EndProject
Global
	GlobalSection(SolutionConfigurationPlatforms) = preSolution
		Debug|Any CPU = Debug|Any CPU
		Release|Any CPU = Release|Any CPU
	EndGlobalSection
	GlobalSection(ProjectConfigurationPlatforms) = postSolution
		{B7EFC195-C7D7-42DB-ABFF-41738F692069}.Debug|Any CPU.ActiveCfg = Debug|Any CPU
		{B7EFC195-C7D7-42DB-ABFF-41738F692069}.Debug|Any CPU.Build.0 = Debug|Any CPU
		{B7EFC195-C7D7-42DB-ABFF-41738F692069}.Release|Any CPU.ActiveCfg = Release|Any CPU
		{B7EFC195-C7D7-42DB-ABFF-41738F692069}.Release|Any CPU.Build.0 = Release|Any CPU
		{3E241832-C437-491B-B5D9-27863C0529DB}.Debug|Any CPU.ActiveCfg = Debug|Any CPU
		{3E241832-C437-491B-B5D9-27863C0529DB}.Debug|Any CPU.Build.0 = Debug|Any CPU
		{3E241832-C437-491B-B5D9-27863C0529DB}.Release|Any CPU.ActiveCfg = Release|Any CPU
		{3E241832-C437-491B-B5D9-27863C0529DB}.Release|Any CPU.Build.0 = Release|Any CPU
		{6C546E08-851D-4F54-814A-A6DF6ABEE5B0}.Debug|Any CPU.ActiveCfg = Debug|Any CPU
		{6C546E08-851D-4F54-814A-A6DF6ABEE5B0}.Debug|Any CPU.Build.0 = Debug|Any CPU
		{6C546E08-851D-4F54-814A-A6DF6ABEE5B0}.Release|Any CPU.ActiveCfg = Release|Any CPU
		{6C546E08-851D-4F54-814A-A6DF6ABEE5B0}.Release|Any CPU.Build.0 = Release|Any CPU
		{F126E718-DF8E-4889-86E7-9843723F1A93}.Debug|Any CPU.ActiveCfg = Debug|Any CPU
		{F126E718-DF8E-4889-86E7-9843723F1A93}.Debug|Any CPU.Build.0 = Debug|Any CPU
		{F126E718-DF8E-4889-86E7-9843723F1A93}.Release|Any CPU.ActiveCfg = Release|Any CPU
		{F126E718-DF8E-4889-86E7-9843723F1A93}.Release|Any CPU.Build.0 = Release|Any CPU
		{EDAEE53F-FF49-4EB6-83F1-1CEDEC429C6E}.Debug|Any CPU.ActiveCfg = Debug|Any CPU
		{EDAEE53F-FF49-4EB6-83F1-1CEDEC429C6E}.Debug|Any CPU.Build.0 = Debug|Any CPU
		{EDAEE53F-FF49-4EB6-83F1-1CEDEC429C6E}.Release|Any CPU.ActiveCfg = Release|Any CPU
		{EDAEE53F-FF49-4EB6-83F1-1CEDEC429C6E}.Release|Any CPU.Build.0 = Release|Any CPU
	EndGlobalSection
	GlobalSection(SolutionProperties) = preSolution
		HideSolutionNode = FALSE
	EndGlobalSection
	GlobalSection(ExtensibilityGlobals) = postSolution
		SolutionGuid = {F0FD45B5-F2B3-4BD4-8506-7107B1E40DC7}
	EndGlobalSection
EndGlobal
